
Microsoft Visual Studio Solution File, Format Version 12.00
# Visual Studio Version 17
VisualStudioVersion = 17.5.33424.131
MinimumVisualStudioVersion = 10.0.40219.1
Project("{FAE04EC0-301F-11D3-BF4B-00C04F79EFBC}") = "ProyectoAssembly.Server", "ProyectoAssembly\Server\ProyectoAssembly.Server.csproj", "{213E166D-7B23-49C9-922E-C79A144BDD43}"
EndProject
Project("{FAE04EC0-301F-11D3-BF4B-00C04F79EFBC}") = "ProyectoAssembly.Client", "ProyectoAssembly\Client\ProyectoAssembly.Client.csproj", "{C23377E1-8BAC-40EE-B1A9-4BCF41FF703F}"
EndProject
Project("{FAE04EC0-301F-11D3-BF4B-00C04F79EFBC}") = "ProyectoAssembly.Shared", "ProyectoAssembly\Shared\ProyectoAssembly.Shared.csproj", "{AC2FBDBE-5182-4A34-B169-4804F13BE3FD}"
EndProject
Global
	GlobalSection(SolutionConfigurationPlatforms) = preSolution
		Debug|Any CPU = Debug|Any CPU
		Release|Any CPU = Release|Any CPU
	EndGlobalSection
	GlobalSection(ProjectConfigurationPlatforms) = postSolution
		{213E166D-7B23-49C9-922E-C79A144BDD43}.Debug|Any CPU.ActiveCfg = Debug|Any CPU
		{213E166D-7B23-49C9-922E-C79A144BDD43}.Debug|Any CPU.Build.0 = Debug|Any CPU
		{213E166D-7B23-49C9-922E-C79A144BDD43}.Release|Any CPU.ActiveCfg = Release|Any CPU
		{213E166D-7B23-49C9-922E-C79A144BDD43}.Release|Any CPU.Build.0 = Release|Any CPU
		{C23377E1-8BAC-40EE-B1A9-4BCF41FF703F}.Debug|Any CPU.ActiveCfg = Debug|Any CPU
		{C23377E1-8BAC-40EE-B1A9-4BCF41FF703F}.Debug|Any CPU.Build.0 = Debug|Any CPU
		{C23377E1-8BAC-40EE-B1A9-4BCF41FF703F}.Release|Any CPU.ActiveCfg = Release|Any CPU
		{C23377E1-8BAC-40EE-B1A9-4BCF41FF703F}.Release|Any CPU.Build.0 = Release|Any CPU
		{AC2FBDBE-5182-4A34-B169-4804F13BE3FD}.Debug|Any CPU.ActiveCfg = Debug|Any CPU
		{AC2FBDBE-5182-4A34-B169-4804F13BE3FD}.Debug|Any CPU.Build.0 = Debug|Any CPU
		{AC2FBDBE-5182-4A34-B169-4804F13BE3FD}.Release|Any CPU.ActiveCfg = Release|Any CPU
		{AC2FBDBE-5182-4A34-B169-4804F13BE3FD}.Release|Any CPU.Build.0 = Release|Any CPU
	EndGlobalSection
	GlobalSection(SolutionProperties) = preSolution
		HideSolutionNode = FALSE
	EndGlobalSection
	GlobalSection(ExtensibilityGlobals) = postSolution
		SolutionGuid = {61225D20-AFAB-40CE-9B2D-10A78AD872B1}
	EndGlobalSection
EndGlobal
